// !$*UTF8*$!
{
	archiveVersion = 1;
	classes = {
	};
	objectVersion = 50;
	objects = {

/* Begin PBXBuildFile section */
		A5601A5D26BAD71300B85A95 /* My_Card_AppApp.swift in Sources */ = {isa = PBXBuildFile; fileRef = A5601A5C26BAD71300B85A95 /* My_Card_AppApp.swift */; };
		A5601A5F26BAD71300B85A95 /* ContentView.swift in Sources */ = {isa = PBXBuildFile; fileRef = A5601A5E26BAD71300B85A95 /* ContentView.swift */; };
		A5601A6126BAD71500B85A95 /* Assets.xcassets in Resources */ = {isa = PBXBuildFile; fileRef = A5601A6026BAD71500B85A95 /* Assets.xcassets */; };
		A5601A6426BAD71500B85A95 /* Preview Assets.xcassets in Resources */ = {isa = PBXBuildFile; fileRef = A5601A6326BAD71500B85A95 /* Preview Assets.xcassets */; };
		A5601A6F26BAD71600B85A95 /* My_Card_AppTests.swift in Sources */ = {isa = PBXBuildFile; fileRef = A5601A6E26BAD71600B85A95 /* My_Card_AppTests.swift */; };
		A5601A7A26BAD71600B85A95 /* My_Card_AppUITests.swift in Sources */ = {isa = PBXBuildFile; fileRef = A5601A7926BAD71600B85A95 /* My_Card_AppUITests.swift */; };
/* End PBXBuildFile section */

/* Begin PBXContainerItemProxy section */
		A5601A6B26BAD71600B85A95 /* PBXContainerItemProxy */ = {
			isa = PBXContainerItemProxy;
			containerPortal = A5601A5126BAD71300B85A95 /* Project object */;
			proxyType = 1;
			remoteGlobalIDString = A5601A5826BAD71300B85A95;
			remoteInfo = "My Card App";
		};
		A5601A7626BAD71600B85A95 /* PBXContainerItemProxy */ = {
			isa = PBXContainerItemProxy;
			containerPortal = A5601A5126BAD71300B85A95 /* Project object */;
			proxyType = 1;
			remoteGlobalIDString = A5601A5826BAD71300B85A95;
			remoteInfo = "My Card App";
		};
/* End PBXContainerItemProxy section */

/* Begin PBXFileReference section */
		A5601A5926BAD71300B85A95 /* My Card App.app */ = {isa = PBXFileReference; explicitFileType = wrapper.application; includeInIndex = 0; path = "My Card App.app"; sourceTree = BUILT_PRODUCTS_DIR; };
		A5601A5C26BAD71300B85A95 /* My_Card_AppApp.swift */ = {isa = PBXFileReference; lastKnownFileType = sourcecode.swift; path = My_Card_AppApp.swift; sourceTree = "<group>"; };
		A5601A5E26BAD71300B85A95 /* ContentView.swift */ = {isa = PBXFileReference; lastKnownFileType = sourcecode.swift; path = ContentView.swift; sourceTree = "<group>"; };
		A5601A6026BAD71500B85A95 /* Assets.xcassets */ = {isa = PBXFileReference; lastKnownFileType = folder.assetcatalog; path = Assets.xcassets; sourceTree = "<group>"; };
		A5601A6326BAD71500B85A95 /* Preview Assets.xcassets */ = {isa = PBXFileReference; lastKnownFileType = folder.assetcatalog; path = "Preview Assets.xcassets"; sourceTree = "<group>"; };
		A5601A6526BAD71500B85A95 /* Info.plist */ = {isa = PBXFileReference; lastKnownFileType = text.plist.xml; path = Info.plist; sourceTree = "<group>"; };
		A5601A6A26BAD71600B85A95 /* My Card AppTests.xctest */ = {isa = PBXFileReference; explicitFileType = wrapper.cfbundle; includeInIndex = 0; path = "My Card AppTests.xctest"; sourceTree = BUILT_PRODUCTS_DIR; };
		A5601A6E26BAD71600B85A95 /* My_Card_AppTests.swift */ = {isa = PBXFileReference; lastKnownFileType = sourcecode.swift; path = My_Card_AppTests.swift; sourceTree = "<group>"; };
		A5601A7026BAD71600B85A95 /* Info.plist */ = {isa = PBXFileReference; lastKnownFileType = text.plist.xml; path = Info.plist; sourceTree = "<group>"; };
		A5601A7526BAD71600B85A95 /* My Card AppUITests.xctest */ = {isa = PBXFileReference; explicitFileType = wrapper.cfbundle; includeInIndex = 0; path = "My Card AppUITests.xctest"; sourceTree = BUILT_PRODUCTS_DIR; };
		A5601A7926BAD71600B85A95 /* My_Card_AppUITests.swift */ = {isa = PBXFileReference; lastKnownFileType = sourcecode.swift; path = My_Card_AppUITests.swift; sourceTree = "<group>"; };
		A5601A7B26BAD71600B85A95 /* Info.plist */ = {isa = PBXFileReference; lastKnownFileType = text.plist.xml; path = Info.plist; sourceTree = "<group>"; };
/* End PBXFileReference section */

/* Begin PBXFrameworksBuildPhase section */
		A5601A5626BAD71300B85A95 /* Frameworks */ = {
			isa = PBXFrameworksBuildPhase;
			buildActionMask = 2147483647;
			files = (
			);
			runOnlyForDeploymentPostprocessing = 0;
		};
		A5601A6726BAD71600B85A95 /* Frameworks */ = {
			isa = PBXFrameworksBuildPhase;
			buildActionMask = 2147483647;
			files = (
			);
			runOnlyForDeploymentPostprocessing = 0;
		};
		A5601A7226BAD71600B85A95 /* Frameworks */ = {
			isa = PBXFrameworksBuildPhase;
			buildActionMask = 2147483647;
			files = (
			);
			runOnlyForDeploymentPostprocessing = 0;
		};
/* End PBXFrameworksBuildPhase section */

/* Begin PBXGroup section */
		A5601A5026BAD71300B85A95 = {
			isa = PBXGroup;
			children = (
				A5601A5B26BAD71300B85A95 /* My Card App */,
				A5601A6D26BAD71600B85A95 /* My Card AppTests */,
				A5601A7826BAD71600B85A95 /* My Card AppUITests */,
				A5601A5A26BAD71300B85A95 /* Products */,
			);
			sourceTree = "<group>";
		};
		A5601A5A26BAD71300B85A95 /* Products */ = {
			isa = PBXGroup;
			children = (
				A5601A5926BAD71300B85A95 /* My Card App.app */,
				A5601A6A26BAD71600B85A95 /* My Card AppTests.xctest */,
				A5601A7526BAD71600B85A95 /* My Card AppUITests.xctest */,
			);
			name = Products;
			sourceTree = "<group>";
		};
		A5601A5B26BAD71300B85A95 /* My Card App */ = {
			isa = PBXGroup;
			children = (
				A5601A5C26BAD71300B85A95 /* My_Card_AppApp.swift */,
				A5601A5E26BAD71300B85A95 /* ContentView.swift */,
				A5601A6026BAD71500B85A95 /* Assets.xcassets */,
				A5601A6526BAD71500B85A95 /* Info.plist */,
				A5601A6226BAD71500B85A95 /* Preview Content */,
			);
			path = "My Card App";
			sourceTree = "<group>";
		};
		A5601A6226BAD71500B85A95 /* Preview Content */ = {
			isa = PBXGroup;
			children = (
				A5601A6326BAD71500B85A95 /* Preview Assets.xcassets */,
			);
			path = "Preview Content";
			sourceTree = "<group>";
		};
		A5601A6D26BAD71600B85A95 /* My Card AppTests */ = {
			isa = PBXGroup;
			children = (
				A5601A6E26BAD71600B85A95 /* My_Card_AppTests.swift */,
				A5601A7026BAD71600B85A95 /* Info.plist */,
			);
			path = "My Card AppTests";
			sourceTree = "<group>";
		};
		A5601A7826BAD71600B85A95 /* My Card AppUITests */ = {
			isa = PBXGroup;
			children = (
				A5601A7926BAD71600B85A95 /* My_Card_AppUITests.swift */,
				A5601A7B26BAD71600B85A95 /* Info.plist */,
			);
			path = "My Card AppUITests";
			sourceTree = "<group>";
		};
/* End PBXGroup section */

/* Begin PBXNativeTarget section */
		A5601A5826BAD71300B85A95 /* My Card App */ = {
			isa = PBXNativeTarget;
			buildConfigurationList = A5601A7E26BAD71600B85A95 /* Build configuration list for PBXNativeTarget "My Card App" */;
			buildPhases = (
				A5601A5526BAD71300B85A95 /* Sources */,
				A5601A5626BAD71300B85A95 /* Frameworks */,
				A5601A5726BAD71300B85A95 /* Resources */,
			);
			buildRules = (
			);
			dependencies = (
			);
			name = "My Card App";
			productName = "My Card App";
			productReference = A5601A5926BAD71300B85A95 /* My Card App.app */;
			productType = "com.apple.product-type.application";
		};
		A5601A6926BAD71600B85A95 /* My Card AppTests */ = {
			isa = PBXNativeTarget;
			buildConfigurationList = A5601A8126BAD71600B85A95 /* Build configuration list for PBXNativeTarget "My Card AppTests" */;
			buildPhases = (
				A5601A6626BAD71600B85A95 /* Sources */,
				A5601A6726BAD71600B85A95 /* Frameworks */,
				A5601A6826BAD71600B85A95 /* Resources */,
			);
			buildRules = (
			);
			dependencies = (
				A5601A6C26BAD71600B85A95 /* PBXTargetDependency */,
			);
			name = "My Card AppTests";
			productName = "My Card AppTests";
			productReference = A5601A6A26BAD71600B85A95 /* My Card AppTests.xctest */;
			productType = "com.apple.product-type.bundle.unit-test";
		};
		A5601A7426BAD71600B85A95 /* My Card AppUITests */ = {
			isa = PBXNativeTarget;
			buildConfigurationList = A5601A8426BAD71600B85A95 /* Build configuration list for PBXNativeTarget "My Card AppUITests" */;
			buildPhases = (
				A5601A7126BAD71600B85A95 /* Sources */,
				A5601A7226BAD71600B85A95 /* Frameworks */,
				A5601A7326BAD71600B85A95 /* Resources */,
			);
			buildRules = (
			);
			dependencies = (
				A5601A7726BAD71600B85A95 /* PBXTargetDependency */,
			);
			name = "My Card AppUITests";
			productName = "My Card AppUITests";
			productReference = A5601A7526BAD71600B85A95 /* My Card AppUITests.xctest */;
			productType = "com.apple.product-type.bundle.ui-testing";
		};
/* End PBXNativeTarget section */

/* Begin PBXProject section */
		A5601A5126BAD71300B85A95 /* Project object */ = {
			isa = PBXProject;
			attributes = {
				LastSwiftUpdateCheck = 1250;
				LastUpgradeCheck = 1250;
				TargetAttributes = {
					A5601A5826BAD71300B85A95 = {
						CreatedOnToolsVersion = 12.5.1;
					};
					A5601A6926BAD71600B85A95 = {
						CreatedOnToolsVersion = 12.5.1;
						TestTargetID = A5601A5826BAD71300B85A95;
					};
					A5601A7426BAD71600B85A95 = {
						CreatedOnToolsVersion = 12.5.1;
						TestTargetID = A5601A5826BAD71300B85A95;
					};
				};
			};
			buildConfigurationList = A5601A5426BAD71300B85A95 /* Build configuration list for PBXProject "My Card App" */;
			compatibilityVersion = "Xcode 9.3";
			developmentRegion = en;
			hasScannedForEncodings = 0;
			knownRegions = (
				en,
				Base,
			);
			mainGroup = A5601A5026BAD71300B85A95;
			productRefGroup = A5601A5A26BAD71300B85A95 /* Products */;
			projectDirPath = "";
			projectRoot = "";
			targets = (
				A5601A5826BAD71300B85A95 /* My Card App */,
				A5601A6926BAD71600B85A95 /* My Card AppTests */,
				A5601A7426BAD71600B85A95 /* My Card AppUITests */,
			);
		};
/* End PBXProject section */

/* Begin PBXResourcesBuildPhase section */
		A5601A5726BAD71300B85A95 /* Resources */ = {
			isa = PBXResourcesBuildPhase;
			buildActionMask = 2147483647;
			files = (
				A5601A6426BAD71500B85A95 /* Preview Assets.xcassets in Resources */,
				A5601A6126BAD71500B85A95 /* Assets.xcassets in Resources */,
			);
			runOnlyForDeploymentPostprocessing = 0;
		};
		A5601A6826BAD71600B85A95 /* Resources */ = {
			isa = PBXResourcesBuildPhase;
			buildActionMask = 2147483647;
			files = (
			);
			runOnlyForDeploymentPostprocessing = 0;
		};
		A5601A7326BAD71600B85A95 /* Resources */ = {
			isa = PBXResourcesBuildPhase;
			buildActionMask = 2147483647;
			files = (
			);
			runOnlyForDeploymentPostprocessing = 0;
		};
/* End PBXResourcesBuildPhase section */

/* Begin PBXSourcesBuildPhase section */
		A5601A5526BAD71300B85A95 /* Sources */ = {
			isa = PBXSourcesBuildPhase;
			buildActionMask = 2147483647;
			files = (
				A5601A5F26BAD71300B85A95 /* ContentView.swift in Sources */,
				A5601A5D26BAD71300B85A95 /* My_Card_AppApp.swift in Sources */,
			);
			runOnlyForDeploymentPostprocessing = 0;
		};
		A5601A6626BAD71600B85A95 /* Sources */ = {
			isa = PBXSourcesBuildPhase;
			buildActionMask = 2147483647;
			files = (
				A5601A6F26BAD71600B85A95 /* My_Card_AppTests.swift in Sources */,
			);
			runOnlyForDeploymentPostprocessing = 0;
		};
		A5601A7126BAD71600B85A95 /* Sources */ = {
			isa = PBXSourcesBuildPhase;
			buildActionMask = 2147483647;
			files = (
				A5601A7A26BAD71600B85A95 /* My_Card_AppUITests.swift in Sources */,
			);
			runOnlyForDeploymentPostprocessing = 0;
		};
/* End PBXSourcesBuildPhase section */

/* Begin PBXTargetDependency section */
		A5601A6C26BAD71600B85A95 /* PBXTargetDependency */ = {
			isa = PBXTargetDependency;
			target = A5601A5826BAD71300B85A95 /* My Card App */;
			targetProxy = A5601A6B26BAD71600B85A95 /* PBXContainerItemProxy */;
		};
		A5601A7726BAD71600B85A95 /* PBXTargetDependency */ = {
			isa = PBXTargetDependency;
			target = A5601A5826BAD71300B85A95 /* My Card App */;
			targetProxy = A5601A7626BAD71600B85A95 /* PBXContainerItemProxy */;
		};
/* End PBXTargetDependency section */

/* Begin XCBuildConfiguration section */
		A5601A7C26BAD71600B85A95 /* Debug */ = {
			isa = XCBuildConfiguration;
			buildSettings = {
				ALWAYS_SEARCH_USER_PATHS = NO;
				CLANG_ANALYZER_NONNULL = YES;
				CLANG_ANALYZER_NUMBER_OBJECT_CONVERSION = YES_AGGRESSIVE;
				CLANG_CXX_LANGUAGE_STANDARD = "gnu++14";
				CLANG_CXX_LIBRARY = "libc++";
				CLANG_ENABLE_MODULES = YES;
				CLANG_ENABLE_OBJC_ARC = YES;
				CLANG_ENABLE_OBJC_WEAK = YES;
				CLANG_WARN_BLOCK_CAPTURE_AUTORELEASING = YES;
				CLANG_WARN_BOOL_CONVERSION = YES;
				CLANG_WARN_COMMA = YES;
				CLANG_WARN_CONSTANT_CONVERSION = YES;
				CLANG_WARN_DEPRECATED_OBJC_IMPLEMENTATIONS = YES;
				CLANG_WARN_DIRECT_OBJC_ISA_USAGE = YES_ERROR;
				CLANG_WARN_DOCUMENTATION_COMMENTS = YES;
				CLANG_WARN_EMPTY_BODY = YES;
				CLANG_WARN_ENUM_CONVERSION = YES;
				CLANG_WARN_INFINITE_RECURSION = YES;
				CLANG_WARN_INT_CONVERSION = YES;
				CLANG_WARN_NON_LITERAL_NULL_CONVERSION = YES;
				CLANG_WARN_OBJC_IMPLICIT_RETAIN_SELF = YES;
				CLANG_WARN_OBJC_LITERAL_CONVERSION = YES;
				CLANG_WARN_OBJC_ROOT_CLASS = YES_ERROR;
				CLANG_WARN_QUOTED_INCLUDE_IN_FRAMEWORK_HEADER = YES;
				CLANG_WARN_RANGE_LOOP_ANALYSIS = YES;
				CLANG_WARN_STRICT_PROTOTYPES = YES;
				CLANG_WARN_SUSPICIOUS_MOVE = YES;
				CLANG_WARN_UNGUARDED_AVAILABILITY = YES_AGGRESSIVE;
				CLANG_WARN_UNREACHABLE_CODE = YES;
				CLANG_WARN__DUPLICATE_METHOD_MATCH = YES;
				COPY_PHASE_STRIP = NO;
				DEBUG_INFORMATION_FORMAT = dwarf;
				ENABLE_STRICT_OBJC_MSGSEND = YES;
				ENABLE_TESTABILITY = YES;
				GCC_C_LANGUAGE_STANDARD = gnu11;
				GCC_DYNAMIC_NO_PIC = NO;
				GCC_NO_COMMON_BLOCKS = YES;
				GCC_OPTIMIZATION_LEVEL = 0;
				GCC_PREPROCESSOR_DEFINITIONS = (
					"DEBUG=1",
					"$(inherited)",
				);
				GCC_WARN_64_TO_32_BIT_CONVERSION = YES;
				GCC_WARN_ABOUT_RETURN_TYPE = YES_ERROR;
				GCC_WARN_UNDECLARED_SELECTOR = YES;
				GCC_WARN_UNINITIALIZED_AUTOS = YES_AGGRESSIVE;
				GCC_WARN_UNUSED_FUNCTION = YES;
				GCC_WARN_UNUSED_VARIABLE = YES;
				IPHONEOS_DEPLOYMENT_TARGET = 14.5;
				MTL_ENABLE_DEBUG_INFO = INCLUDE_SOURCE;
				MTL_FAST_MATH = YES;
				ONLY_ACTIVE_ARCH = YES;
				SDKROOT = iphoneos;
				SWIFT_ACTIVE_COMPILATION_CONDITIONS = DEBUG;
				SWIFT_OPTIMIZATION_LEVEL = "-Onone";
			};
			name = Debug;
		};
		A5601A7D26BAD71600B85A95 /* Release */ = {
			isa = XCBuildConfiguration;
			buildSettings = {
				ALWAYS_SEARCH_USER_PATHS = NO;
				CLANG_ANALYZER_NONNULL = YES;
				CLANG_ANALYZER_NUMBER_OBJECT_CONVERSION = YES_AGGRESSIVE;
				CLANG_CXX_LANGUAGE_STANDARD = "gnu++14";
				CLANG_CXX_LIBRARY = "libc++";
				CLANG_ENABLE_MODULES = YES;
				CLANG_ENABLE_OBJC_ARC = YES;
				CLANG_ENABLE_OBJC_WEAK = YES;
				CLANG_WARN_BLOCK_CAPTURE_AUTORELEASING = YES;
				CLANG_WARN_BOOL_CONVERSION = YES;
				CLANG_WARN_COMMA = YES;
				CLANG_WARN_CONSTANT_CONVERSION = YES;
				CLANG_WARN_DEPRECATED_OBJC_IMPLEMENTATIONS = YES;
				CLANG_WARN_DIRECT_OBJC_ISA_USAGE = YES_ERROR;
				CLANG_WARN_DOCUMENTATION_COMMENTS = YES;
				CLANG_WARN_EMPTY_BODY = YES;
				CLANG_WARN_ENUM_CONVERSION = YES;
				CLANG_WARN_INFINITE_RECURSION = YES;
				CLANG_WARN_INT_CONVERSION = YES;
				CLANG_WARN_NON_LITERAL_NULL_CONVERSION = YES;
				CLANG_WARN_OBJC_IMPLICIT_RETAIN_SELF = YES;
				CLANG_WARN_OBJC_LITERAL_CONVERSION = YES;
				CLANG_WARN_OBJC_ROOT_CLASS = YES_ERROR;
				CLANG_WARN_QUOTED_INCLUDE_IN_FRAMEWORK_HEADER = YES;
				CLANG_WARN_RANGE_LOOP_ANALYSIS = YES;
				CLANG_WARN_STRICT_PROTOTYPES = YES;
				CLANG_WARN_SUSPICIOUS_MOVE = YES;
				CLANG_WARN_UNGUARDED_AVAILABILITY = YES_AGGRESSIVE;
				CLANG_WARN_UNREACHABLE_CODE = YES;
				CLANG_WARN__DUPLICATE_METHOD_MATCH = YES;
				COPY_PHASE_STRIP = NO;
				DEBUG_INFORMATION_FORMAT = "dwarf-with-dsym";
				ENABLE_NS_ASSERTIONS = NO;
				ENABLE_STRICT_OBJC_MSGSEND = YES;
				GCC_C_LANGUAGE_STANDARD = gnu11;
				GCC_NO_COMMON_BLOCKS = YES;
				GCC_WARN_64_TO_32_BIT_CONVERSION = YES;
				GCC_WARN_ABOUT_RETURN_TYPE = YES_ERROR;
				GCC_WARN_UNDECLARED_SELECTOR = YES;
				GCC_WARN_UNINITIALIZED_AUTOS = YES_AGGRESSIVE;
				GCC_WARN_UNUSED_FUNCTION = YES;
				GCC_WARN_UNUSED_VARIABLE = YES;
				IPHONEOS_DEPLOYMENT_TARGET = 14.5;
				MTL_ENABLE_DEBUG_INFO = NO;
				MTL_FAST_MATH = YES;
				SDKROOT = iphoneos;
				SWIFT_COMPILATION_MODE = wholemodule;
				SWIFT_OPTIMIZATION_LEVEL = "-O";
				VALIDATE_PRODUCT = YES;
			};
			name = Release;
		};
		A5601A7F26BAD71600B85A95 /* Debug */ = {
			isa = XCBuildConfiguration;
			buildSettings = {
				ASSETCATALOG_COMPILER_APPICON_NAME = AppIcon;
				ASSETCATALOG_COMPILER_GLOBAL_ACCENT_COLOR_NAME = AccentColor;
				CODE_SIGN_STYLE = Automatic;
				DEVELOPMENT_ASSET_PATHS = "\"My Card App/Preview Content\"";
				DEVELOPMENT_TEAM = 7AFX2NBXXR;
				ENABLE_PREVIEWS = YES;
				INFOPLIST_FILE = "My Card App/Info.plist";
				IPHONEOS_DEPLOYMENT_TARGET = 14.0;
				LD_RUNPATH_SEARCH_PATHS = (
					"$(inherited)",
					"@executable_path/Frameworks",
				);
				PRODUCT_BUNDLE_IDENTIFIER = "aksenkinnikita.My-Card-App";
				PRODUCT_NAME = "$(TARGET_NAME)";
				SWIFT_VERSION = 5.0;
				TARGETED_DEVICE_FAMILY = "1,2";
			};
			name = Debug;
		};
		A5601A8026BAD71600B85A95 /* Release */ = {
			isa = XCBuildConfiguration;
			buildSettings = {
				ASSETCATALOG_COMPILER_APPICON_NAME = AppIcon;
				ASSETCATALOG_COMPILER_GLOBAL_ACCENT_COLOR_NAME = AccentColor;
				CODE_SIGN_STYLE = Automatic;
				DEVELOPMENT_ASSET_PATHS = "\"My Card App/Preview Content\"";
				DEVELOPMENT_TEAM = 7AFX2NBXXR;
				ENABLE_PREVIEWS = YES;
				INFOPLIST_FILE = "My Card App/Info.plist";
				IPHONEOS_DEPLOYMENT_TARGET = 14.0;
				LD_RUNPATH_SEARCH_PATHS = (
					"$(inherited)",
					"@executable_path/Frameworks",
				);
				PRODUCT_BUNDLE_IDENTIFIER = "aksenkinnikita.My-Card-App";
				PRODUCT_NAME = "$(TARGET_NAME)";
				SWIFT_VERSION = 5.0;
				TARGETED_DEVICE_FAMILY = "1,2";
			};
			name = Release;
		};
		A5601A8226BAD71600B85A95 /* Debug */ = {
			isa = XCBuildConfiguration;
			buildSettings = {
				ALWAYS_EMBED_SWIFT_STANDARD_LIBRARIES = YES;
				BUNDLE_LOADER = "$(TEST_HOST)";
				CODE_SIGN_STYLE = Automatic;
				DEVELOPMENT_TEAM = 7AFX2NBXXR;
				INFOPLIST_FILE = "My Card AppTests/Info.plist";
				IPHONEOS_DEPLOYMENT_TARGET = 14.0;
				LD_RUNPATH_SEARCH_PATHS = (
					"$(inherited)",
					"@executable_path/Frameworks",
					"@loader_path/Frameworks",
				);
				PRODUCT_BUNDLE_IDENTIFIER = "aksenkinnikita.My-Card-AppTests";
				PRODUCT_NAME = "$(TARGET_NAME)";
				SWIFT_VERSION = 5.0;
				TARGETED_DEVICE_FAMILY = "1,2";
				TEST_HOST = "$(BUILT_PRODUCTS_DIR)/My Card App.app/My Card App";
			};
			name = Debug;
		};
		A5601A8326BAD71600B85A95 /* Release */ = {
			isa = XCBuildConfiguration;
			buildSettings = {
				ALWAYS_EMBED_SWIFT_STANDARD_LIBRARIES = YES;
				BUNDLE_LOADER = "$(TEST_HOST)";
				CODE_SIGN_STYLE = Automatic;
				DEVELOPMENT_TEAM = 7AFX2NBXXR;
				INFOPLIST_FILE = "My Card AppTests/Info.plist";
				IPHONEOS_DEPLOYMENT_TARGET = 14.0;
				LD_RUNPATH_SEARCH_PATHS = (
					"$(inherited)",
					"@executable_path/Frameworks",
					"@loader_path/Frameworks",
				);
				PRODUCT_BUNDLE_IDENTIFIER = "aksenkinnikita.My-Card-AppTests";
				PRODUCT_NAME = "$(TARGET_NAME)";
				SWIFT_VERSION = 5.0;
				TARGETED_DEVICE_FAMILY = "1,2";
				TEST_HOST = "$(BUILT_PRODUCTS_DIR)/My Card App.app/My Card App";
			};
			name = Release;
		};
		A5601A8526BAD71600B85A95 /* Debug */ = {
			isa = XCBuildConfiguration;
			buildSettings = {
				ALWAYS_EMBED_SWIFT_STANDARD_LIBRARIES = YES;
				CODE_SIGN_STYLE = Automatic;
				DEVELOPMENT_TEAM = 7AFX2NBXXR;
				INFOPLIST_FILE = "My Card AppUITests/Info.plist";
				LD_RUNPATH_SEARCH_PATHS = (
					"$(inherited)",
					"@executable_path/Frameworks",
					"@loader_path/Frameworks",
				);
				PRODUCT_BUNDLE_IDENTIFIER = "aksenkinnikita.My-Card-AppUITests";
				PRODUCT_NAME = "$(TARGET_NAME)";
				SWIFT_VERSION = 5.0;
				TARGETED_DEVICE_FAMILY = "1,2";
				TEST_TARGET_NAME = "My Card App";
			};
			name = Debug;
		};
		A5601A8626BAD71600B85A95 /* Release */ = {
			isa = XCBuildConfiguration;
			buildSettings = {
				ALWAYS_EMBED_SWIFT_STANDARD_LIBRARIES = YES;
				CODE_SIGN_STYLE = Automatic;
				DEVELOPMENT_TEAM = 7AFX2NBXXR;
				INFOPLIST_FILE = "My Card AppUITests/Info.plist";
				LD_RUNPATH_SEARCH_PATHS = (
					"$(inherited)",
					"@executable_path/Frameworks",
					"@loader_path/Frameworks",
				);
				PRODUCT_BUNDLE_IDENTIFIER = "aksenkinnikita.My-Card-AppUITests";
				PRODUCT_NAME = "$(TARGET_NAME)";
				SWIFT_VERSION = 5.0;
				TARGETED_DEVICE_FAMILY = "1,2";
				TEST_TARGET_NAME = "My Card App";
			};
			name = Release;
		};
/* End XCBuildConfiguration section */

/* Begin XCConfigurationList section */
		A5601A5426BAD71300B85A95 /* Build configuration list for PBXProject "My Card App" */ = {
			isa = XCConfigurationList;
			buildConfigurations = (
				A5601A7C26BAD71600B85A95 /* Debug */,
				A5601A7D26BAD71600B85A95 /* Release */,
			);
			defaultConfigurationIsVisible = 0;
			defaultConfigurationName = Release;
		};
		A5601A7E26BAD71600B85A95 /* Build configuration list for PBXNativeTarget "My Card App" */ = {
			isa = XCConfigurationList;
			buildConfigurations = (
				A5601A7F26BAD71600B85A95 /* Debug */,
				A5601A8026BAD71600B85A95 /* Release */,
			);
			defaultConfigurationIsVisible = 0;
			defaultConfigurationName = Release;
		};
		A5601A8126BAD71600B85A95 /* Build configuration list for PBXNativeTarget "My Card AppTests" */ = {
			isa = XCConfigurationList;
			buildConfigurations = (
				A5601A8226BAD71600B85A95 /* Debug */,
				A5601A8326BAD71600B85A95 /* Release */,
			);
			defaultConfigurationIsVisible = 0;
			defaultConfigurationName = Release;
		};
		A5601A8426BAD71600B85A95 /* Build configuration list for PBXNativeTarget "My Card AppUITests" */ = {
			isa = XCConfigurationList;
			buildConfigurations = (
				A5601A8526BAD71600B85A95 /* Debug */,
				A5601A8626BAD71600B85A95 /* Release */,
			);
			defaultConfigurationIsVisible = 0;
			defaultConfigurationName = Release;
		};
/* End XCConfigurationList section */
	};
	rootObject = A5601A5126BAD71300B85A95 /* Project object */;
}
